
Microsoft Visual Studio Solution File, Format Version 12.00
# Visual Studio Version 17
VisualStudioVersion = 17.0.31903.59
MinimumVisualStudioVersion = 10.0.40219.1
Project("{2150E333-8FDC-42A3-9474-1A3956D46DE8}") = "prototypes", "prototypes", "{E54166BF-D5A5-D108-1244-AA6816D2859D}"
EndProject
Project("{2150E333-8FDC-42A3-9474-1A3956D46DE8}") = "web0", "web0", "{14237CE3-3735-E8DE-0B8C-A7A0A805A24C}"
EndProject
Project("{FAE04EC0-301F-11D3-BF4B-00C04F79EFBC}") = "Browser", "prototypes\web0\Browser\Browser.csproj", "{E64A75AA-4913-40A7-AF44-67E30A35D643}"
EndProject
Project("{2150E333-8FDC-42A3-9474-1A3956D46DE8}") = "src", "src", "{827E0CD3-B72D-47B6-A68D-7590B98EB39B}"
EndProject
Project("{FAE04EC0-301F-11D3-BF4B-00C04F79EFBC}") = "Locus.Core", "src\Locus.Core\Locus.Core.csproj", "{DF22D6F0-2118-478D-B916-D6F164B9D45B}"
EndProject
Project("{FAE04EC0-301F-11D3-BF4B-00C04F79EFBC}") = "Shared", "prototypes\web0\Shared\Shared.csproj", "{0B5C2A30-9A66-453D-BAB3-336324CEB56A}"
EndProject
Project("{FAE04EC0-301F-11D3-BF4B-00C04F79EFBC}") = "Hybrid", "prototypes\web0\Hybrid\Hybrid.csproj", "{9976A9C2-D714-4ABA-B6F1-697BCBF5B2C7}"
EndProject
Project("{FAE04EC0-301F-11D3-BF4B-00C04F79EFBC}") = "Native", "prototypes\web0\Native\Native.csproj", "{8FC11C5E-F0E7-459B-8446-A23F3FB1D34F}"
EndProject
Project("{FAE04EC0-301F-11D3-BF4B-00C04F79EFBC}") = "Locus.Application", "src\Locus.Application\Locus.Application.csproj", "{EAB4F271-386B-4574-84F3-A4541EC5EDB3}"
EndProject
Project("{FAE04EC0-301F-11D3-BF4B-00C04F79EFBC}") = "Locus.Editor", "src\Locus.Editor\Locus.Editor.csproj", "{42C9872A-60A0-4A84-AD13-016C217E66C2}"
EndProject
Project("{FAE04EC0-301F-11D3-BF4B-00C04F79EFBC}") = "Locus.Web", "src\Locus.Web\Locus.Web.csproj", "{7B26D11C-E8AE-4B83-A0A0-ED4846E55C49}"
EndProject
Project("{FAE04EC0-301F-11D3-BF4B-00C04F79EFBC}") = "Locus.Worker", "src\Locus.Worker\Locus.Worker.csproj", "{3FE66A48-EB82-4241-8EC9-3CB6B311A530}"
EndProject
Project("{FAE04EC0-301F-11D3-BF4B-00C04F79EFBC}") = "Locus.Desktop.Shared", "src\Locus.Desktop.Shared\Locus.Desktop.Shared.csproj", "{9BDF66E9-7243-4810-90DA-0F6C38019521}"
EndProject
Project("{2150E333-8FDC-42A3-9474-1A3956D46DE8}") = "tests", "tests", "{0AB3BF05-4346-4AA6-1389-037BE0695223}"
EndProject
Project("{FAE04EC0-301F-11D3-BF4B-00C04F79EFBC}") = "Locus.Application.Tests", "tests\Locus.Application.Tests\Locus.Application.Tests.csproj", "{28CE08B1-025B-4422-A7DA-47FF3D39424E}"
EndProject
Project("{FAE04EC0-301F-11D3-BF4B-00C04F79EFBC}") = "Locus.Shared.Desktop.Tests", "tests\Locus.Shared.Desktop.Tests\Locus.Shared.Desktop.Tests.csproj", "{EFEC714B-377B-4568-9EC3-281985BDA7B7}"
EndProject
Project("{FAE04EC0-301F-11D3-BF4B-00C04F79EFBC}") = "Locus.Desktop", "src\Locus.Desktop\Locus.Desktop.csproj", "{CEA697DE-64D1-48B8-881B-5CD52ED11C3F}"
EndProject
Project("{FAE04EC0-301F-11D3-BF4B-00C04F79EFBC}") = "Locus.DesignSystem", "src\Locus.DesignSystem\Locus.DesignSystem.csproj", "{CCADAC0E-B25F-4AC5-BB99-4CE10ADFFE2D}"
EndProject
Project("{FAE04EC0-301F-11D3-BF4B-00C04F79EFBC}") = "Locus.Catalog", "src\Locus.Catalog\Locus.Catalog.csproj", "{9ADFEBA4-2084-4786-8A71-A2BB944884FB}"
EndProject
Project("{FAE04EC0-301F-11D3-BF4B-00C04F79EFBC}") = "Locus.Editor.Tests", "tests\Locus.Editor.Tests\Locus.Editor.Tests.csproj", "{E752FAAB-D9FD-49B9-BDA9-E452DDBA99C7}"
EndProject
Global
	GlobalSection(SolutionConfigurationPlatforms) = preSolution
		Debug|Any CPU = Debug|Any CPU
		Debug|x64 = Debug|x64
		Debug|x86 = Debug|x86
		Release|Any CPU = Release|Any CPU
		Release|x64 = Release|x64
		Release|x86 = Release|x86
	EndGlobalSection
	GlobalSection(ProjectConfigurationPlatforms) = postSolution
		{E64A75AA-4913-40A7-AF44-67E30A35D643}.Debug|Any CPU.ActiveCfg = Debug|Any CPU
		{E64A75AA-4913-40A7-AF44-67E30A35D643}.Debug|Any CPU.Build.0 = Debug|Any CPU
		{E64A75AA-4913-40A7-AF44-67E30A35D643}.Debug|x64.ActiveCfg = Debug|Any CPU
		{E64A75AA-4913-40A7-AF44-67E30A35D643}.Debug|x64.Build.0 = Debug|Any CPU
		{E64A75AA-4913-40A7-AF44-67E30A35D643}.Debug|x86.ActiveCfg = Debug|Any CPU
		{E64A75AA-4913-40A7-AF44-67E30A35D643}.Debug|x86.Build.0 = Debug|Any CPU
		{E64A75AA-4913-40A7-AF44-67E30A35D643}.Release|Any CPU.ActiveCfg = Release|Any CPU
		{E64A75AA-4913-40A7-AF44-67E30A35D643}.Release|Any CPU.Build.0 = Release|Any CPU
		{E64A75AA-4913-40A7-AF44-67E30A35D643}.Release|x64.ActiveCfg = Release|Any CPU
		{E64A75AA-4913-40A7-AF44-67E30A35D643}.Release|x64.Build.0 = Release|Any CPU
		{E64A75AA-4913-40A7-AF44-67E30A35D643}.Release|x86.ActiveCfg = Release|Any CPU
		{E64A75AA-4913-40A7-AF44-67E30A35D643}.Release|x86.Build.0 = Release|Any CPU
		{DF22D6F0-2118-478D-B916-D6F164B9D45B}.Debug|Any CPU.ActiveCfg = Debug|Any CPU
		{DF22D6F0-2118-478D-B916-D6F164B9D45B}.Debug|Any CPU.Build.0 = Debug|Any CPU
		{DF22D6F0-2118-478D-B916-D6F164B9D45B}.Debug|x64.ActiveCfg = Debug|Any CPU
		{DF22D6F0-2118-478D-B916-D6F164B9D45B}.Debug|x64.Build.0 = Debug|Any CPU
		{DF22D6F0-2118-478D-B916-D6F164B9D45B}.Debug|x86.ActiveCfg = Debug|Any CPU
		{DF22D6F0-2118-478D-B916-D6F164B9D45B}.Debug|x86.Build.0 = Debug|Any CPU
		{DF22D6F0-2118-478D-B916-D6F164B9D45B}.Release|Any CPU.ActiveCfg = Release|Any CPU
		{DF22D6F0-2118-478D-B916-D6F164B9D45B}.Release|Any CPU.Build.0 = Release|Any CPU
		{DF22D6F0-2118-478D-B916-D6F164B9D45B}.Release|x64.ActiveCfg = Release|Any CPU
		{DF22D6F0-2118-478D-B916-D6F164B9D45B}.Release|x64.Build.0 = Release|Any CPU
		{DF22D6F0-2118-478D-B916-D6F164B9D45B}.Release|x86.ActiveCfg = Release|Any CPU
		{DF22D6F0-2118-478D-B916-D6F164B9D45B}.Release|x86.Build.0 = Release|Any CPU
		{0B5C2A30-9A66-453D-BAB3-336324CEB56A}.Debug|Any CPU.ActiveCfg = Debug|Any CPU
		{0B5C2A30-9A66-453D-BAB3-336324CEB56A}.Debug|Any CPU.Build.0 = Debug|Any CPU
		{0B5C2A30-9A66-453D-BAB3-336324CEB56A}.Debug|x64.ActiveCfg = Debug|Any CPU
		{0B5C2A30-9A66-453D-BAB3-336324CEB56A}.Debug|x64.Build.0 = Debug|Any CPU
		{0B5C2A30-9A66-453D-BAB3-336324CEB56A}.Debug|x86.ActiveCfg = Debug|Any CPU
		{0B5C2A30-9A66-453D-BAB3-336324CEB56A}.Debug|x86.Build.0 = Debug|Any CPU
		{0B5C2A30-9A66-453D-BAB3-336324CEB56A}.Release|Any CPU.ActiveCfg = Release|Any CPU
		{0B5C2A30-9A66-453D-BAB3-336324CEB56A}.Release|Any CPU.Build.0 = Release|Any CPU
		{0B5C2A30-9A66-453D-BAB3-336324CEB56A}.Release|x64.ActiveCfg = Release|Any CPU
		{0B5C2A30-9A66-453D-BAB3-336324CEB56A}.Release|x64.Build.0 = Release|Any CPU
		{0B5C2A30-9A66-453D-BAB3-336324CEB56A}.Release|x86.ActiveCfg = Release|Any CPU
		{0B5C2A30-9A66-453D-BAB3-336324CEB56A}.Release|x86.Build.0 = Release|Any CPU
		{9976A9C2-D714-4ABA-B6F1-697BCBF5B2C7}.Debug|Any CPU.ActiveCfg = Debug|Any CPU
		{9976A9C2-D714-4ABA-B6F1-697BCBF5B2C7}.Debug|Any CPU.Build.0 = Debug|Any CPU
		{9976A9C2-D714-4ABA-B6F1-697BCBF5B2C7}.Debug|x64.ActiveCfg = Debug|Any CPU
		{9976A9C2-D714-4ABA-B6F1-697BCBF5B2C7}.Debug|x64.Build.0 = Debug|Any CPU
		{9976A9C2-D714-4ABA-B6F1-697BCBF5B2C7}.Debug|x86.ActiveCfg = Debug|Any CPU
		{9976A9C2-D714-4ABA-B6F1-697BCBF5B2C7}.Debug|x86.Build.0 = Debug|Any CPU
		{9976A9C2-D714-4ABA-B6F1-697BCBF5B2C7}.Release|Any CPU.ActiveCfg = Release|Any CPU
		{9976A9C2-D714-4ABA-B6F1-697BCBF5B2C7}.Release|Any CPU.Build.0 = Release|Any CPU
		{9976A9C2-D714-4ABA-B6F1-697BCBF5B2C7}.Release|x64.ActiveCfg = Release|Any CPU
		{9976A9C2-D714-4ABA-B6F1-697BCBF5B2C7}.Release|x64.Build.0 = Release|Any CPU
		{9976A9C2-D714-4ABA-B6F1-697BCBF5B2C7}.Release|x86.ActiveCfg = Release|Any CPU
		{9976A9C2-D714-4ABA-B6F1-697BCBF5B2C7}.Release|x86.Build.0 = Release|Any CPU
		{8FC11C5E-F0E7-459B-8446-A23F3FB1D34F}.Debug|Any CPU.ActiveCfg = Debug|Any CPU
		{8FC11C5E-F0E7-459B-8446-A23F3FB1D34F}.Debug|Any CPU.Build.0 = Debug|Any CPU
		{8FC11C5E-F0E7-459B-8446-A23F3FB1D34F}.Debug|x64.ActiveCfg = Debug|Any CPU
		{8FC11C5E-F0E7-459B-8446-A23F3FB1D34F}.Debug|x64.Build.0 = Debug|Any CPU
		{8FC11C5E-F0E7-459B-8446-A23F3FB1D34F}.Debug|x86.ActiveCfg = Debug|Any CPU
		{8FC11C5E-F0E7-459B-8446-A23F3FB1D34F}.Debug|x86.Build.0 = Debug|Any CPU
		{8FC11C5E-F0E7-459B-8446-A23F3FB1D34F}.Release|Any CPU.ActiveCfg = Release|Any CPU
		{8FC11C5E-F0E7-459B-8446-A23F3FB1D34F}.Release|Any CPU.Build.0 = Release|Any CPU
		{8FC11C5E-F0E7-459B-8446-A23F3FB1D34F}.Release|x64.ActiveCfg = Release|Any CPU
		{8FC11C5E-F0E7-459B-8446-A23F3FB1D34F}.Release|x64.Build.0 = Release|Any CPU
		{8FC11C5E-F0E7-459B-8446-A23F3FB1D34F}.Release|x86.ActiveCfg = Release|Any CPU
		{8FC11C5E-F0E7-459B-8446-A23F3FB1D34F}.Release|x86.Build.0 = Release|Any CPU
		{EAB4F271-386B-4574-84F3-A4541EC5EDB3}.Debug|Any CPU.ActiveCfg = Debug|Any CPU
		{EAB4F271-386B-4574-84F3-A4541EC5EDB3}.Debug|Any CPU.Build.0 = Debug|Any CPU
		{EAB4F271-386B-4574-84F3-A4541EC5EDB3}.Debug|x64.ActiveCfg = Debug|Any CPU
		{EAB4F271-386B-4574-84F3-A4541EC5EDB3}.Debug|x64.Build.0 = Debug|Any CPU
		{EAB4F271-386B-4574-84F3-A4541EC5EDB3}.Debug|x86.ActiveCfg = Debug|Any CPU
		{EAB4F271-386B-4574-84F3-A4541EC5EDB3}.Debug|x86.Build.0 = Debug|Any CPU
		{EAB4F271-386B-4574-84F3-A4541EC5EDB3}.Release|Any CPU.ActiveCfg = Release|Any CPU
		{EAB4F271-386B-4574-84F3-A4541EC5EDB3}.Release|Any CPU.Build.0 = Release|Any CPU
		{EAB4F271-386B-4574-84F3-A4541EC5EDB3}.Release|x64.ActiveCfg = Release|Any CPU
		{EAB4F271-386B-4574-84F3-A4541EC5EDB3}.Release|x64.Build.0 = Release|Any CPU
		{EAB4F271-386B-4574-84F3-A4541EC5EDB3}.Release|x86.ActiveCfg = Release|Any CPU
		{EAB4F271-386B-4574-84F3-A4541EC5EDB3}.Release|x86.Build.0 = Release|Any CPU
		{42C9872A-60A0-4A84-AD13-016C217E66C2}.Debug|Any CPU.ActiveCfg = Debug|Any CPU
		{42C9872A-60A0-4A84-AD13-016C217E66C2}.Debug|Any CPU.Build.0 = Debug|Any CPU
		{42C9872A-60A0-4A84-AD13-016C217E66C2}.Debug|x64.ActiveCfg = Debug|Any CPU
		{42C9872A-60A0-4A84-AD13-016C217E66C2}.Debug|x64.Build.0 = Debug|Any CPU
		{42C9872A-60A0-4A84-AD13-016C217E66C2}.Debug|x86.ActiveCfg = Debug|Any CPU
		{42C9872A-60A0-4A84-AD13-016C217E66C2}.Debug|x86.Build.0 = Debug|Any CPU
		{42C9872A-60A0-4A84-AD13-016C217E66C2}.Release|Any CPU.ActiveCfg = Release|Any CPU
		{42C9872A-60A0-4A84-AD13-016C217E66C2}.Release|Any CPU.Build.0 = Release|Any CPU
		{42C9872A-60A0-4A84-AD13-016C217E66C2}.Release|x64.ActiveCfg = Release|Any CPU
		{42C9872A-60A0-4A84-AD13-016C217E66C2}.Release|x64.Build.0 = Release|Any CPU
		{42C9872A-60A0-4A84-AD13-016C217E66C2}.Release|x86.ActiveCfg = Release|Any CPU
		{42C9872A-60A0-4A84-AD13-016C217E66C2}.Release|x86.Build.0 = Release|Any CPU
		{7B26D11C-E8AE-4B83-A0A0-ED4846E55C49}.Debug|Any CPU.ActiveCfg = Debug|Any CPU
		{7B26D11C-E8AE-4B83-A0A0-ED4846E55C49}.Debug|Any CPU.Build.0 = Debug|Any CPU
		{7B26D11C-E8AE-4B83-A0A0-ED4846E55C49}.Debug|x64.ActiveCfg = Debug|Any CPU
		{7B26D11C-E8AE-4B83-A0A0-ED4846E55C49}.Debug|x64.Build.0 = Debug|Any CPU
		{7B26D11C-E8AE-4B83-A0A0-ED4846E55C49}.Debug|x86.ActiveCfg = Debug|Any CPU
		{7B26D11C-E8AE-4B83-A0A0-ED4846E55C49}.Debug|x86.Build.0 = Debug|Any CPU
		{7B26D11C-E8AE-4B83-A0A0-ED4846E55C49}.Release|Any CPU.ActiveCfg = Release|Any CPU
		{7B26D11C-E8AE-4B83-A0A0-ED4846E55C49}.Release|Any CPU.Build.0 = Release|Any CPU
		{7B26D11C-E8AE-4B83-A0A0-ED4846E55C49}.Release|x64.ActiveCfg = Release|Any CPU
		{7B26D11C-E8AE-4B83-A0A0-ED4846E55C49}.Release|x64.Build.0 = Release|Any CPU
		{7B26D11C-E8AE-4B83-A0A0-ED4846E55C49}.Release|x86.ActiveCfg = Release|Any CPU
		{7B26D11C-E8AE-4B83-A0A0-ED4846E55C49}.Release|x86.Build.0 = Release|Any CPU
		{3FE66A48-EB82-4241-8EC9-3CB6B311A530}.Debug|Any CPU.ActiveCfg = Debug|Any CPU
		{3FE66A48-EB82-4241-8EC9-3CB6B311A530}.Debug|Any CPU.Build.0 = Debug|Any CPU
		{3FE66A48-EB82-4241-8EC9-3CB6B311A530}.Debug|x64.ActiveCfg = Debug|Any CPU
		{3FE66A48-EB82-4241-8EC9-3CB6B311A530}.Debug|x64.Build.0 = Debug|Any CPU
		{3FE66A48-EB82-4241-8EC9-3CB6B311A530}.Debug|x86.ActiveCfg = Debug|Any CPU
		{3FE66A48-EB82-4241-8EC9-3CB6B311A530}.Debug|x86.Build.0 = Debug|Any CPU
		{3FE66A48-EB82-4241-8EC9-3CB6B311A530}.Release|Any CPU.ActiveCfg = Release|Any CPU
		{3FE66A48-EB82-4241-8EC9-3CB6B311A530}.Release|Any CPU.Build.0 = Release|Any CPU
		{3FE66A48-EB82-4241-8EC9-3CB6B311A530}.Release|x64.ActiveCfg = Release|Any CPU
		{3FE66A48-EB82-4241-8EC9-3CB6B311A530}.Release|x64.Build.0 = Release|Any CPU
		{3FE66A48-EB82-4241-8EC9-3CB6B311A530}.Release|x86.ActiveCfg = Release|Any CPU
		{3FE66A48-EB82-4241-8EC9-3CB6B311A530}.Release|x86.Build.0 = Release|Any CPU
		{9BDF66E9-7243-4810-90DA-0F6C38019521}.Debug|Any CPU.ActiveCfg = Debug|Any CPU
		{9BDF66E9-7243-4810-90DA-0F6C38019521}.Debug|Any CPU.Build.0 = Debug|Any CPU
		{9BDF66E9-7243-4810-90DA-0F6C38019521}.Debug|x64.ActiveCfg = Debug|Any CPU
		{9BDF66E9-7243-4810-90DA-0F6C38019521}.Debug|x64.Build.0 = Debug|Any CPU
		{9BDF66E9-7243-4810-90DA-0F6C38019521}.Debug|x86.ActiveCfg = Debug|Any CPU
		{9BDF66E9-7243-4810-90DA-0F6C38019521}.Debug|x86.Build.0 = Debug|Any CPU
		{9BDF66E9-7243-4810-90DA-0F6C38019521}.Release|Any CPU.ActiveCfg = Release|Any CPU
		{9BDF66E9-7243-4810-90DA-0F6C38019521}.Release|Any CPU.Build.0 = Release|Any CPU
		{9BDF66E9-7243-4810-90DA-0F6C38019521}.Release|x64.ActiveCfg = Release|Any CPU
		{9BDF66E9-7243-4810-90DA-0F6C38019521}.Release|x64.Build.0 = Release|Any CPU
		{9BDF66E9-7243-4810-90DA-0F6C38019521}.Release|x86.ActiveCfg = Release|Any CPU
		{9BDF66E9-7243-4810-90DA-0F6C38019521}.Release|x86.Build.0 = Release|Any CPU
		{28CE08B1-025B-4422-A7DA-47FF3D39424E}.Debug|Any CPU.ActiveCfg = Debug|Any CPU
		{28CE08B1-025B-4422-A7DA-47FF3D39424E}.Debug|Any CPU.Build.0 = Debug|Any CPU
		{28CE08B1-025B-4422-A7DA-47FF3D39424E}.Debug|x64.ActiveCfg = Debug|Any CPU
		{28CE08B1-025B-4422-A7DA-47FF3D39424E}.Debug|x64.Build.0 = Debug|Any CPU
		{28CE08B1-025B-4422-A7DA-47FF3D39424E}.Debug|x86.ActiveCfg = Debug|Any CPU
		{28CE08B1-025B-4422-A7DA-47FF3D39424E}.Debug|x86.Build.0 = Debug|Any CPU
		{28CE08B1-025B-4422-A7DA-47FF3D39424E}.Release|Any CPU.ActiveCfg = Release|Any CPU
		{28CE08B1-025B-4422-A7DA-47FF3D39424E}.Release|Any CPU.Build.0 = Release|Any CPU
		{28CE08B1-025B-4422-A7DA-47FF3D39424E}.Release|x64.ActiveCfg = Release|Any CPU
		{28CE08B1-025B-4422-A7DA-47FF3D39424E}.Release|x64.Build.0 = Release|Any CPU
		{28CE08B1-025B-4422-A7DA-47FF3D39424E}.Release|x86.ActiveCfg = Release|Any CPU
		{28CE08B1-025B-4422-A7DA-47FF3D39424E}.Release|x86.Build.0 = Release|Any CPU
		{EFEC714B-377B-4568-9EC3-281985BDA7B7}.Debug|Any CPU.ActiveCfg = Debug|Any CPU
		{EFEC714B-377B-4568-9EC3-281985BDA7B7}.Debug|Any CPU.Build.0 = Debug|Any CPU
		{EFEC714B-377B-4568-9EC3-281985BDA7B7}.Debug|x64.ActiveCfg = Debug|Any CPU
		{EFEC714B-377B-4568-9EC3-281985BDA7B7}.Debug|x64.Build.0 = Debug|Any CPU
		{EFEC714B-377B-4568-9EC3-281985BDA7B7}.Debug|x86.ActiveCfg = Debug|Any CPU
		{EFEC714B-377B-4568-9EC3-281985BDA7B7}.Debug|x86.Build.0 = Debug|Any CPU
		{EFEC714B-377B-4568-9EC3-281985BDA7B7}.Release|Any CPU.ActiveCfg = Release|Any CPU
		{EFEC714B-377B-4568-9EC3-281985BDA7B7}.Release|Any CPU.Build.0 = Release|Any CPU
		{EFEC714B-377B-4568-9EC3-281985BDA7B7}.Release|x64.ActiveCfg = Release|Any CPU
		{EFEC714B-377B-4568-9EC3-281985BDA7B7}.Release|x64.Build.0 = Release|Any CPU
		{EFEC714B-377B-4568-9EC3-281985BDA7B7}.Release|x86.ActiveCfg = Release|Any CPU
		{EFEC714B-377B-4568-9EC3-281985BDA7B7}.Release|x86.Build.0 = Release|Any CPU
		{CEA697DE-64D1-48B8-881B-5CD52ED11C3F}.Debug|Any CPU.ActiveCfg = Debug|Any CPU
		{CEA697DE-64D1-48B8-881B-5CD52ED11C3F}.Debug|Any CPU.Build.0 = Debug|Any CPU
		{CEA697DE-64D1-48B8-881B-5CD52ED11C3F}.Debug|x64.ActiveCfg = Debug|Any CPU
		{CEA697DE-64D1-48B8-881B-5CD52ED11C3F}.Debug|x64.Build.0 = Debug|Any CPU
		{CEA697DE-64D1-48B8-881B-5CD52ED11C3F}.Debug|x86.ActiveCfg = Debug|Any CPU
		{CEA697DE-64D1-48B8-881B-5CD52ED11C3F}.Debug|x86.Build.0 = Debug|Any CPU
		{CEA697DE-64D1-48B8-881B-5CD52ED11C3F}.Release|Any CPU.ActiveCfg = Release|Any CPU
		{CEA697DE-64D1-48B8-881B-5CD52ED11C3F}.Release|Any CPU.Build.0 = Release|Any CPU
		{CEA697DE-64D1-48B8-881B-5CD52ED11C3F}.Release|x64.ActiveCfg = Release|Any CPU
		{CEA697DE-64D1-48B8-881B-5CD52ED11C3F}.Release|x64.Build.0 = Release|Any CPU
		{CEA697DE-64D1-48B8-881B-5CD52ED11C3F}.Release|x86.ActiveCfg = Release|Any CPU
		{CEA697DE-64D1-48B8-881B-5CD52ED11C3F}.Release|x86.Build.0 = Release|Any CPU
		{CCADAC0E-B25F-4AC5-BB99-4CE10ADFFE2D}.Debug|Any CPU.ActiveCfg = Debug|Any CPU
		{CCADAC0E-B25F-4AC5-BB99-4CE10ADFFE2D}.Debug|Any CPU.Build.0 = Debug|Any CPU
		{CCADAC0E-B25F-4AC5-BB99-4CE10ADFFE2D}.Debug|x64.ActiveCfg = Debug|Any CPU
		{CCADAC0E-B25F-4AC5-BB99-4CE10ADFFE2D}.Debug|x64.Build.0 = Debug|Any CPU
		{CCADAC0E-B25F-4AC5-BB99-4CE10ADFFE2D}.Debug|x86.ActiveCfg = Debug|Any CPU
		{CCADAC0E-B25F-4AC5-BB99-4CE10ADFFE2D}.Debug|x86.Build.0 = Debug|Any CPU
		{CCADAC0E-B25F-4AC5-BB99-4CE10ADFFE2D}.Release|Any CPU.ActiveCfg = Release|Any CPU
		{CCADAC0E-B25F-4AC5-BB99-4CE10ADFFE2D}.Release|Any CPU.Build.0 = Release|Any CPU
		{CCADAC0E-B25F-4AC5-BB99-4CE10ADFFE2D}.Release|x64.ActiveCfg = Release|Any CPU
		{CCADAC0E-B25F-4AC5-BB99-4CE10ADFFE2D}.Release|x64.Build.0 = Release|Any CPU
		{CCADAC0E-B25F-4AC5-BB99-4CE10ADFFE2D}.Release|x86.ActiveCfg = Release|Any CPU
		{CCADAC0E-B25F-4AC5-BB99-4CE10ADFFE2D}.Release|x86.Build.0 = Release|Any CPU
		{9ADFEBA4-2084-4786-8A71-A2BB944884FB}.Debug|Any CPU.ActiveCfg = Debug|Any CPU
		{9ADFEBA4-2084-4786-8A71-A2BB944884FB}.Debug|Any CPU.Build.0 = Debug|Any CPU
		{9ADFEBA4-2084-4786-8A71-A2BB944884FB}.Debug|x64.ActiveCfg = Debug|Any CPU
		{9ADFEBA4-2084-4786-8A71-A2BB944884FB}.Debug|x64.Build.0 = Debug|Any CPU
		{9ADFEBA4-2084-4786-8A71-A2BB944884FB}.Debug|x86.ActiveCfg = Debug|Any CPU
		{9ADFEBA4-2084-4786-8A71-A2BB944884FB}.Debug|x86.Build.0 = Debug|Any CPU
		{9ADFEBA4-2084-4786-8A71-A2BB944884FB}.Release|Any CPU.ActiveCfg = Release|Any CPU
		{9ADFEBA4-2084-4786-8A71-A2BB944884FB}.Release|Any CPU.Build.0 = Release|Any CPU
		{9ADFEBA4-2084-4786-8A71-A2BB944884FB}.Release|x64.ActiveCfg = Release|Any CPU
		{9ADFEBA4-2084-4786-8A71-A2BB944884FB}.Release|x64.Build.0 = Release|Any CPU
		{9ADFEBA4-2084-4786-8A71-A2BB944884FB}.Release|x86.ActiveCfg = Release|Any CPU
		{9ADFEBA4-2084-4786-8A71-A2BB944884FB}.Release|x86.Build.0 = Release|Any CPU
		{E752FAAB-D9FD-49B9-BDA9-E452DDBA99C7}.Debug|Any CPU.ActiveCfg = Debug|Any CPU
		{E752FAAB-D9FD-49B9-BDA9-E452DDBA99C7}.Debug|Any CPU.Build.0 = Debug|Any CPU
		{E752FAAB-D9FD-49B9-BDA9-E452DDBA99C7}.Debug|x64.ActiveCfg = Debug|Any CPU
		{E752FAAB-D9FD-49B9-BDA9-E452DDBA99C7}.Debug|x64.Build.0 = Debug|Any CPU
		{E752FAAB-D9FD-49B9-BDA9-E452DDBA99C7}.Debug|x86.ActiveCfg = Debug|Any CPU
		{E752FAAB-D9FD-49B9-BDA9-E452DDBA99C7}.Debug|x86.Build.0 = Debug|Any CPU
		{E752FAAB-D9FD-49B9-BDA9-E452DDBA99C7}.Release|Any CPU.ActiveCfg = Release|Any CPU
		{E752FAAB-D9FD-49B9-BDA9-E452DDBA99C7}.Release|Any CPU.Build.0 = Release|Any CPU
		{E752FAAB-D9FD-49B9-BDA9-E452DDBA99C7}.Release|x64.ActiveCfg = Release|Any CPU
		{E752FAAB-D9FD-49B9-BDA9-E452DDBA99C7}.Release|x64.Build.0 = Release|Any CPU
		{E752FAAB-D9FD-49B9-BDA9-E452DDBA99C7}.Release|x86.ActiveCfg = Release|Any CPU
		{E752FAAB-D9FD-49B9-BDA9-E452DDBA99C7}.Release|x86.Build.0 = Release|Any CPU
	EndGlobalSection
	GlobalSection(SolutionProperties) = preSolution
		HideSolutionNode = FALSE
	EndGlobalSection
	GlobalSection(NestedProjects) = preSolution
		{14237CE3-3735-E8DE-0B8C-A7A0A805A24C} = {E54166BF-D5A5-D108-1244-AA6816D2859D}
		{E64A75AA-4913-40A7-AF44-67E30A35D643} = {14237CE3-3735-E8DE-0B8C-A7A0A805A24C}
		{DF22D6F0-2118-478D-B916-D6F164B9D45B} = {827E0CD3-B72D-47B6-A68D-7590B98EB39B}
		{0B5C2A30-9A66-453D-BAB3-336324CEB56A} = {14237CE3-3735-E8DE-0B8C-A7A0A805A24C}
		{9976A9C2-D714-4ABA-B6F1-697BCBF5B2C7} = {14237CE3-3735-E8DE-0B8C-A7A0A805A24C}
		{8FC11C5E-F0E7-459B-8446-A23F3FB1D34F} = {14237CE3-3735-E8DE-0B8C-A7A0A805A24C}
		{EAB4F271-386B-4574-84F3-A4541EC5EDB3} = {827E0CD3-B72D-47B6-A68D-7590B98EB39B}
		{42C9872A-60A0-4A84-AD13-016C217E66C2} = {827E0CD3-B72D-47B6-A68D-7590B98EB39B}
		{7B26D11C-E8AE-4B83-A0A0-ED4846E55C49} = {827E0CD3-B72D-47B6-A68D-7590B98EB39B}
		{3FE66A48-EB82-4241-8EC9-3CB6B311A530} = {827E0CD3-B72D-47B6-A68D-7590B98EB39B}
		{9BDF66E9-7243-4810-90DA-0F6C38019521} = {827E0CD3-B72D-47B6-A68D-7590B98EB39B}
		{28CE08B1-025B-4422-A7DA-47FF3D39424E} = {0AB3BF05-4346-4AA6-1389-037BE0695223}
		{EFEC714B-377B-4568-9EC3-281985BDA7B7} = {0AB3BF05-4346-4AA6-1389-037BE0695223}
		{CEA697DE-64D1-48B8-881B-5CD52ED11C3F} = {827E0CD3-B72D-47B6-A68D-7590B98EB39B}
		{CCADAC0E-B25F-4AC5-BB99-4CE10ADFFE2D} = {827E0CD3-B72D-47B6-A68D-7590B98EB39B}
		{9ADFEBA4-2084-4786-8A71-A2BB944884FB} = {827E0CD3-B72D-47B6-A68D-7590B98EB39B}
		{E752FAAB-D9FD-49B9-BDA9-E452DDBA99C7} = {0AB3BF05-4346-4AA6-1389-037BE0695223}
	EndGlobalSection
EndGlobal
