
Microsoft Visual Studio Solution File, Format Version 12.00
# Visual Studio Version 17
VisualStudioVersion = 17.0.31903.59
MinimumVisualStudioVersion = 10.0.40219.1
Project("{2150E333-8FDC-42A3-9474-1A3956D46DE8}") = "src", "src", "{827E0CD3-B72D-47B6-A68D-7590B98EB39B}"
EndProject
Project("{FAE04EC0-301F-11D3-BF4B-00C04F79EFBC}") = "Locus.Core", "src\Locus.Core\Locus.Core.csproj", "{45E7C783-B54D-47D3-9FBD-B18A4603D63A}"
EndProject
Project("{FAE04EC0-301F-11D3-BF4B-00C04F79EFBC}") = "Locus.Cli", "src\Locus.Cli\Locus.Cli.csproj", "{B4AB3FB6-AB76-4BCC-9A2B-3AEEA35A3E32}"
EndProject
Project("{2150E333-8FDC-42A3-9474-1A3956D46DE8}") = "tests", "tests", "{0AB3BF05-4346-4AA6-1389-037BE0695223}"
EndProject
Project("{FAE04EC0-301F-11D3-BF4B-00C04F79EFBC}") = "Locus.Core.Tests", "tests\Locus.Core.Tests\Locus.Core.Tests.csproj", "{9652DD5E-BED3-41EC-AE81-AB575396ED16}"
EndProject
Project("{FAE04EC0-301F-11D3-BF4B-00C04F79EFBC}") = "Locus.RuntimeProbe", "tests\Locus.RuntimeProbe\Locus.RuntimeProbe.csproj", "{9F5D0A9A-08FE-4F79-B3F4-5985EAC16BF9}"
EndProject
Project("{FAE04EC0-301F-11D3-BF4B-00C04F79EFBC}") = "Locus.Desktop", "src\Locus.Desktop\Locus.Desktop.csproj", "{0AEC2A13-25EB-45E4-8D75-B994E85DCE67}"
EndProject
Project("{FAE04EC0-301F-11D3-BF4B-00C04F79EFBC}") = "Locus.Desktop.Tests", "tests\Locus.Desktop.Tests\Locus.Desktop.Tests.csproj", "{E88F800B-71F9-4982-B886-8638B8884583}"
EndProject
Project("{FAE04EC0-301F-11D3-BF4B-00C04F79EFBC}") = "Locus.Science.Tests", "tests\Locus.Science.Tests\Locus.Science.Tests.csproj", "{29FA4680-84C0-49A6-835F-E18AE4F44761}"
EndProject
Project("{FAE04EC0-301F-11D3-BF4B-00C04F79EFBC}") = "Locus.Application", "src\Locus.Application\Locus.Application.csproj", "{B5D7D5DF-9B5A-4650-8263-F0F6D2A4982C}"
EndProject
Project("{FAE04EC0-301F-11D3-BF4B-00C04F79EFBC}") = "Locus.SmartChemistry.Tests", "tests\Locus.SmartChemistry.Tests\Locus.SmartChemistry.Tests.csproj", "{C6ABCE87-843D-43B3-9674-ED9FF5F74C85}"
EndProject
Global
	GlobalSection(SolutionConfigurationPlatforms) = preSolution
		Debug|Any CPU = Debug|Any CPU
		Debug|x64 = Debug|x64
		Debug|x86 = Debug|x86
		Release|Any CPU = Release|Any CPU
		Release|x64 = Release|x64
		Release|x86 = Release|x86
	EndGlobalSection
	GlobalSection(ProjectConfigurationPlatforms) = postSolution
		{45E7C783-B54D-47D3-9FBD-B18A4603D63A}.Debug|Any CPU.ActiveCfg = Debug|Any CPU
		{45E7C783-B54D-47D3-9FBD-B18A4603D63A}.Debug|Any CPU.Build.0 = Debug|Any CPU
		{45E7C783-B54D-47D3-9FBD-B18A4603D63A}.Debug|x64.ActiveCfg = Debug|Any CPU
		{45E7C783-B54D-47D3-9FBD-B18A4603D63A}.Debug|x64.Build.0 = Debug|Any CPU
		{45E7C783-B54D-47D3-9FBD-B18A4603D63A}.Debug|x86.ActiveCfg = Debug|Any CPU
		{45E7C783-B54D-47D3-9FBD-B18A4603D63A}.Debug|x86.Build.0 = Debug|Any CPU
		{45E7C783-B54D-47D3-9FBD-B18A4603D63A}.Release|Any CPU.ActiveCfg = Release|Any CPU
		{45E7C783-B54D-47D3-9FBD-B18A4603D63A}.Release|Any CPU.Build.0 = Release|Any CPU
		{45E7C783-B54D-47D3-9FBD-B18A4603D63A}.Release|x64.ActiveCfg = Release|Any CPU
		{45E7C783-B54D-47D3-9FBD-B18A4603D63A}.Release|x64.Build.0 = Release|Any CPU
		{45E7C783-B54D-47D3-9FBD-B18A4603D63A}.Release|x86.ActiveCfg = Release|Any CPU
		{45E7C783-B54D-47D3-9FBD-B18A4603D63A}.Release|x86.Build.0 = Release|Any CPU
		{B4AB3FB6-AB76-4BCC-9A2B-3AEEA35A3E32}.Debug|Any CPU.ActiveCfg = Debug|Any CPU
		{B4AB3FB6-AB76-4BCC-9A2B-3AEEA35A3E32}.Debug|Any CPU.Build.0 = Debug|Any CPU
		{B4AB3FB6-AB76-4BCC-9A2B-3AEEA35A3E32}.Debug|x64.ActiveCfg = Debug|Any CPU
		{B4AB3FB6-AB76-4BCC-9A2B-3AEEA35A3E32}.Debug|x64.Build.0 = Debug|Any CPU
		{B4AB3FB6-AB76-4BCC-9A2B-3AEEA35A3E32}.Debug|x86.ActiveCfg = Debug|Any CPU
		{B4AB3FB6-AB76-4BCC-9A2B-3AEEA35A3E32}.Debug|x86.Build.0 = Debug|Any CPU
		{B4AB3FB6-AB76-4BCC-9A2B-3AEEA35A3E32}.Release|Any CPU.ActiveCfg = Release|Any CPU
		{B4AB3FB6-AB76-4BCC-9A2B-3AEEA35A3E32}.Release|Any CPU.Build.0 = Release|Any CPU
		{B4AB3FB6-AB76-4BCC-9A2B-3AEEA35A3E32}.Release|x64.ActiveCfg = Release|Any CPU
		{B4AB3FB6-AB76-4BCC-9A2B-3AEEA35A3E32}.Release|x64.Build.0 = Release|Any CPU
		{B4AB3FB6-AB76-4BCC-9A2B-3AEEA35A3E32}.Release|x86.ActiveCfg = Release|Any CPU
		{B4AB3FB6-AB76-4BCC-9A2B-3AEEA35A3E32}.Release|x86.Build.0 = Release|Any CPU
		{9652DD5E-BED3-41EC-AE81-AB575396ED16}.Debug|Any CPU.ActiveCfg = Debug|Any CPU
		{9652DD5E-BED3-41EC-AE81-AB575396ED16}.Debug|Any CPU.Build.0 = Debug|Any CPU
		{9652DD5E-BED3-41EC-AE81-AB575396ED16}.Debug|x64.ActiveCfg = Debug|Any CPU
		{9652DD5E-BED3-41EC-AE81-AB575396ED16}.Debug|x64.Build.0 = Debug|Any CPU
		{9652DD5E-BED3-41EC-AE81-AB575396ED16}.Debug|x86.ActiveCfg = Debug|Any CPU
		{9652DD5E-BED3-41EC-AE81-AB575396ED16}.Debug|x86.Build.0 = Debug|Any CPU
		{9652DD5E-BED3-41EC-AE81-AB575396ED16}.Release|Any CPU.ActiveCfg = Release|Any CPU
		{9652DD5E-BED3-41EC-AE81-AB575396ED16}.Release|Any CPU.Build.0 = Release|Any CPU
		{9652DD5E-BED3-41EC-AE81-AB575396ED16}.Release|x64.ActiveCfg = Release|Any CPU
		{9652DD5E-BED3-41EC-AE81-AB575396ED16}.Release|x64.Build.0 = Release|Any CPU
		{9652DD5E-BED3-41EC-AE81-AB575396ED16}.Release|x86.ActiveCfg = Release|Any CPU
		{9652DD5E-BED3-41EC-AE81-AB575396ED16}.Release|x86.Build.0 = Release|Any CPU
		{9F5D0A9A-08FE-4F79-B3F4-5985EAC16BF9}.Debug|Any CPU.ActiveCfg = Debug|Any CPU
		{9F5D0A9A-08FE-4F79-B3F4-5985EAC16BF9}.Debug|Any CPU.Build.0 = Debug|Any CPU
		{9F5D0A9A-08FE-4F79-B3F4-5985EAC16BF9}.Debug|x64.ActiveCfg = Debug|Any CPU
		{9F5D0A9A-08FE-4F79-B3F4-5985EAC16BF9}.Debug|x64.Build.0 = Debug|Any CPU
		{9F5D0A9A-08FE-4F79-B3F4-5985EAC16BF9}.Debug|x86.ActiveCfg = Debug|Any CPU
		{9F5D0A9A-08FE-4F79-B3F4-5985EAC16BF9}.Debug|x86.Build.0 = Debug|Any CPU
		{9F5D0A9A-08FE-4F79-B3F4-5985EAC16BF9}.Release|Any CPU.ActiveCfg = Release|Any CPU
		{9F5D0A9A-08FE-4F79-B3F4-5985EAC16BF9}.Release|Any CPU.Build.0 = Release|Any CPU
		{9F5D0A9A-08FE-4F79-B3F4-5985EAC16BF9}.Release|x64.ActiveCfg = Release|Any CPU
		{9F5D0A9A-08FE-4F79-B3F4-5985EAC16BF9}.Release|x64.Build.0 = Release|Any CPU
		{9F5D0A9A-08FE-4F79-B3F4-5985EAC16BF9}.Release|x86.ActiveCfg = Release|Any CPU
		{9F5D0A9A-08FE-4F79-B3F4-5985EAC16BF9}.Release|x86.Build.0 = Release|Any CPU
		{0AEC2A13-25EB-45E4-8D75-B994E85DCE67}.Debug|Any CPU.ActiveCfg = Debug|Any CPU
		{0AEC2A13-25EB-45E4-8D75-B994E85DCE67}.Debug|Any CPU.Build.0 = Debug|Any CPU
		{0AEC2A13-25EB-45E4-8D75-B994E85DCE67}.Debug|x64.ActiveCfg = Debug|Any CPU
		{0AEC2A13-25EB-45E4-8D75-B994E85DCE67}.Debug|x64.Build.0 = Debug|Any CPU
		{0AEC2A13-25EB-45E4-8D75-B994E85DCE67}.Debug|x86.ActiveCfg = Debug|Any CPU
		{0AEC2A13-25EB-45E4-8D75-B994E85DCE67}.Debug|x86.Build.0 = Debug|Any CPU
		{0AEC2A13-25EB-45E4-8D75-B994E85DCE67}.Release|Any CPU.ActiveCfg = Release|Any CPU
		{0AEC2A13-25EB-45E4-8D75-B994E85DCE67}.Release|Any CPU.Build.0 = Release|Any CPU
		{0AEC2A13-25EB-45E4-8D75-B994E85DCE67}.Release|x64.ActiveCfg = Release|Any CPU
		{0AEC2A13-25EB-45E4-8D75-B994E85DCE67}.Release|x64.Build.0 = Release|Any CPU
		{0AEC2A13-25EB-45E4-8D75-B994E85DCE67}.Release|x86.ActiveCfg = Release|Any CPU
		{0AEC2A13-25EB-45E4-8D75-B994E85DCE67}.Release|x86.Build.0 = Release|Any CPU
		{E88F800B-71F9-4982-B886-8638B8884583}.Debug|Any CPU.ActiveCfg = Debug|Any CPU
		{E88F800B-71F9-4982-B886-8638B8884583}.Debug|Any CPU.Build.0 = Debug|Any CPU
		{E88F800B-71F9-4982-B886-8638B8884583}.Debug|x64.ActiveCfg = Debug|Any CPU
		{E88F800B-71F9-4982-B886-8638B8884583}.Debug|x64.Build.0 = Debug|Any CPU
		{E88F800B-71F9-4982-B886-8638B8884583}.Debug|x86.ActiveCfg = Debug|Any CPU
		{E88F800B-71F9-4982-B886-8638B8884583}.Debug|x86.Build.0 = Debug|Any CPU
		{E88F800B-71F9-4982-B886-8638B8884583}.Release|Any CPU.ActiveCfg = Release|Any CPU
		{E88F800B-71F9-4982-B886-8638B8884583}.Release|Any CPU.Build.0 = Release|Any CPU
		{E88F800B-71F9-4982-B886-8638B8884583}.Release|x64.ActiveCfg = Release|Any CPU
		{E88F800B-71F9-4982-B886-8638B8884583}.Release|x64.Build.0 = Release|Any CPU
		{E88F800B-71F9-4982-B886-8638B8884583}.Release|x86.ActiveCfg = Release|Any CPU
		{E88F800B-71F9-4982-B886-8638B8884583}.Release|x86.Build.0 = Release|Any CPU
		{29FA4680-84C0-49A6-835F-E18AE4F44761}.Debug|Any CPU.ActiveCfg = Debug|Any CPU
		{29FA4680-84C0-49A6-835F-E18AE4F44761}.Debug|Any CPU.Build.0 = Debug|Any CPU
		{29FA4680-84C0-49A6-835F-E18AE4F44761}.Debug|x64.ActiveCfg = Debug|Any CPU
		{29FA4680-84C0-49A6-835F-E18AE4F44761}.Debug|x64.Build.0 = Debug|Any CPU
		{29FA4680-84C0-49A6-835F-E18AE4F44761}.Debug|x86.ActiveCfg = Debug|Any CPU
		{29FA4680-84C0-49A6-835F-E18AE4F44761}.Debug|x86.Build.0 = Debug|Any CPU
		{29FA4680-84C0-49A6-835F-E18AE4F44761}.Release|Any CPU.ActiveCfg = Release|Any CPU
		{29FA4680-84C0-49A6-835F-E18AE4F44761}.Release|Any CPU.Build.0 = Release|Any CPU
		{29FA4680-84C0-49A6-835F-E18AE4F44761}.Release|x64.ActiveCfg = Release|Any CPU
		{29FA4680-84C0-49A6-835F-E18AE4F44761}.Release|x64.Build.0 = Release|Any CPU
		{29FA4680-84C0-49A6-835F-E18AE4F44761}.Release|x86.ActiveCfg = Release|Any CPU
		{29FA4680-84C0-49A6-835F-E18AE4F44761}.Release|x86.Build.0 = Release|Any CPU
		{B5D7D5DF-9B5A-4650-8263-F0F6D2A4982C}.Debug|Any CPU.ActiveCfg = Debug|Any CPU
		{B5D7D5DF-9B5A-4650-8263-F0F6D2A4982C}.Debug|Any CPU.Build.0 = Debug|Any CPU
		{B5D7D5DF-9B5A-4650-8263-F0F6D2A4982C}.Debug|x64.ActiveCfg = Debug|Any CPU
		{B5D7D5DF-9B5A-4650-8263-F0F6D2A4982C}.Debug|x64.Build.0 = Debug|Any CPU
		{B5D7D5DF-9B5A-4650-8263-F0F6D2A4982C}.Debug|x86.ActiveCfg = Debug|Any CPU
		{B5D7D5DF-9B5A-4650-8263-F0F6D2A4982C}.Debug|x86.Build.0 = Debug|Any CPU
		{B5D7D5DF-9B5A-4650-8263-F0F6D2A4982C}.Release|Any CPU.ActiveCfg = Release|Any CPU
		{B5D7D5DF-9B5A-4650-8263-F0F6D2A4982C}.Release|Any CPU.Build.0 = Release|Any CPU
		{B5D7D5DF-9B5A-4650-8263-F0F6D2A4982C}.Release|x64.ActiveCfg = Release|Any CPU
		{B5D7D5DF-9B5A-4650-8263-F0F6D2A4982C}.Release|x64.Build.0 = Release|Any CPU
		{B5D7D5DF-9B5A-4650-8263-F0F6D2A4982C}.Release|x86.ActiveCfg = Release|Any CPU
		{B5D7D5DF-9B5A-4650-8263-F0F6D2A4982C}.Release|x86.Build.0 = Release|Any CPU
		{C6ABCE87-843D-43B3-9674-ED9FF5F74C85}.Debug|Any CPU.ActiveCfg = Debug|Any CPU
		{C6ABCE87-843D-43B3-9674-ED9FF5F74C85}.Debug|Any CPU.Build.0 = Debug|Any CPU
		{C6ABCE87-843D-43B3-9674-ED9FF5F74C85}.Debug|x64.ActiveCfg = Debug|Any CPU
		{C6ABCE87-843D-43B3-9674-ED9FF5F74C85}.Debug|x64.Build.0 = Debug|Any CPU
		{C6ABCE87-843D-43B3-9674-ED9FF5F74C85}.Debug|x86.ActiveCfg = Debug|Any CPU
		{C6ABCE87-843D-43B3-9674-ED9FF5F74C85}.Debug|x86.Build.0 = Debug|Any CPU
		{C6ABCE87-843D-43B3-9674-ED9FF5F74C85}.Release|Any CPU.ActiveCfg = Release|Any CPU
		{C6ABCE87-843D-43B3-9674-ED9FF5F74C85}.Release|Any CPU.Build.0 = Release|Any CPU
		{C6ABCE87-843D-43B3-9674-ED9FF5F74C85}.Release|x64.ActiveCfg = Release|Any CPU
		{C6ABCE87-843D-43B3-9674-ED9FF5F74C85}.Release|x64.Build.0 = Release|Any CPU
		{C6ABCE87-843D-43B3-9674-ED9FF5F74C85}.Release|x86.ActiveCfg = Release|Any CPU
		{C6ABCE87-843D-43B3-9674-ED9FF5F74C85}.Release|x86.Build.0 = Release|Any CPU
	EndGlobalSection
	GlobalSection(SolutionProperties) = preSolution
		HideSolutionNode = FALSE
	EndGlobalSection
	GlobalSection(NestedProjects) = preSolution
		{45E7C783-B54D-47D3-9FBD-B18A4603D63A} = {827E0CD3-B72D-47B6-A68D-7590B98EB39B}
		{B4AB3FB6-AB76-4BCC-9A2B-3AEEA35A3E32} = {827E0CD3-B72D-47B6-A68D-7590B98EB39B}
		{9652DD5E-BED3-41EC-AE81-AB575396ED16} = {0AB3BF05-4346-4AA6-1389-037BE0695223}
		{9F5D0A9A-08FE-4F79-B3F4-5985EAC16BF9} = {0AB3BF05-4346-4AA6-1389-037BE0695223}
		{0AEC2A13-25EB-45E4-8D75-B994E85DCE67} = {827E0CD3-B72D-47B6-A68D-7590B98EB39B}
		{E88F800B-71F9-4982-B886-8638B8884583} = {0AB3BF05-4346-4AA6-1389-037BE0695223}
		{29FA4680-84C0-49A6-835F-E18AE4F44761} = {0AB3BF05-4346-4AA6-1389-037BE0695223}
		{B5D7D5DF-9B5A-4650-8263-F0F6D2A4982C} = {827E0CD3-B72D-47B6-A68D-7590B98EB39B}
		{C6ABCE87-843D-43B3-9674-ED9FF5F74C85} = {0AB3BF05-4346-4AA6-1389-037BE0695223}
	EndGlobalSection
EndGlobal
