{
  "version": 1,
  "dependencies": {
    "net10.0": {
      "locus.application": {
        "type": "Project",
        "dependencies": {
          "Locus.Core": "[0.1.0, )"
        }
      },
      "locus.core": {
        "type": "Project"
      },
      "locus.designsystem": {
        "type": "Project"
      },
      "locus.editor": {
        "type": "Project",
        "dependencies": {
          "Locus.Application": "[1.0.0, )",
          "Locus.DesignSystem": "[0.1.0, )"
        }
      }
    }
  }
}